
Microsoft Visual Studio Solution File, Format Version 12.00
# Visual Studio Version 17
VisualStudioVersion = 17.12.35209.166
MinimumVisualStudioVersion = 10.0.40219.1
Project("{FAE04EC0-301F-11D3-BF4B-00C04F79EFBC}") = "steamStats", "steamStats\steamStats.csproj", "{DDA31675-9B52-4578-AEAD-F992F318E155}"
EndProject
Global
	GlobalSection(SolutionConfigurationPlatforms) = preSolution
		Debug|Any CPU = Debug|Any CPU
		Release|Any CPU = Release|Any CPU
	EndGlobalSection
	GlobalSection(ProjectConfigurationPlatforms) = postSolution
		{DDA31675-9B52-4578-AEAD-F992F318E155}.Debug|Any CPU.ActiveCfg = Debug|Any CPU
		{DDA31675-9B52-4578-AEAD-F992F318E155}.Debug|Any CPU.Build.0 = Debug|Any CPU
		{DDA31675-9B52-4578-AEAD-F992F318E155}.Release|Any CPU.ActiveCfg = Release|Any CPU
		{DDA31675-9B52-4578-AEAD-F992F318E155}.Release|Any CPU.Build.0 = Release|Any CPU
	EndGlobalSection
	GlobalSection(SolutionProperties) = preSolution
		HideSolutionNode = FALSE
	EndGlobalSection
	GlobalSection(ExtensibilityGlobals) = postSolution
		SolutionGuid = {9179CE11-B1DC-40FA-A763-52780F8160CC}
	EndGlobalSection
EndGlobal
